
Microsoft Visual Studio Solution File, Format Version 12.00
# Visual Studio 15
VisualStudioVersion = 15.0.27130.2027
MinimumVisualStudioVersion = 10.0.40219.1
Project("{FAE04EC0-301F-11D3-BF4B-00C04F79EFBC}") = "Exercise07", "Exercise07\Exercise07.csproj", "{67C64CAC-8638-466E-B866-B6F573694EA8}"
EndProject
Project("{FAE04EC0-301F-11D3-BF4B-00C04F79EFBC}") = "Exercise07.Tests", "Exercise07.Tests\Exercise07.Tests.csproj", "{7ABA05EF-8D26-476A-911E-D33C57FD1F6A}"
EndProject
Project("{FAE04EC0-301F-11D3-BF4B-00C04F79EFBC}") = "Exercise11", "Exercise11\Exercise11.csproj", "{EDBE739C-699E-439E-812F-93549CAD365C}"
EndProject
Project("{FAE04EC0-301F-11D3-BF4B-00C04F79EFBC}") = "Exercise11.Tests", "Exercise11.Tests\Exercise11.Tests.csproj", "{39DBBDAB-071E-4A12-9283-865892BD7EC1}"
EndProject
Project("{FAE04EC0-301F-11D3-BF4B-00C04F79EFBC}") = "Exercise13", "Exercise13\Exercise13.csproj", "{5B66BF0C-97E9-4E48-AA1E-E7BE194CE887}"
EndProject
Project("{FAE04EC0-301F-11D3-BF4B-00C04F79EFBC}") = "Exercise13.Tests", "Exercise13.Tests\Exercise13.Tests.csproj", "{DE4704CC-8037-4B87-B938-42ECD0F03362}"
EndProject
Project("{FAE04EC0-301F-11D3-BF4B-00C04F79EFBC}") = "Exercise14", "Exercise14\Exercise14.csproj", "{A1045DA7-3666-49CD-B096-1D2DF81E672C}"
EndProject
Project("{FAE04EC0-301F-11D3-BF4B-00C04F79EFBC}") = "Exercise14.Tests", "Exercise14.Tests\Exercise14.Tests.csproj", "{D69F560D-F35C-4F26-80E1-EC185D84E4E5}"
EndProject
Global
	GlobalSection(SolutionConfigurationPlatforms) = preSolution
		Debug|Any CPU = Debug|Any CPU
		Release|Any CPU = Release|Any CPU
	EndGlobalSection
	GlobalSection(ProjectConfigurationPlatforms) = postSolution
		{67C64CAC-8638-466E-B866-B6F573694EA8}.Debug|Any CPU.ActiveCfg = Debug|Any CPU
		{67C64CAC-8638-466E-B866-B6F573694EA8}.Debug|Any CPU.Build.0 = Debug|Any CPU
		{67C64CAC-8638-466E-B866-B6F573694EA8}.Release|Any CPU.ActiveCfg = Release|Any CPU
		{67C64CAC-8638-466E-B866-B6F573694EA8}.Release|Any CPU.Build.0 = Release|Any CPU
		{7ABA05EF-8D26-476A-911E-D33C57FD1F6A}.Debug|Any CPU.ActiveCfg = Debug|Any CPU
		{7ABA05EF-8D26-476A-911E-D33C57FD1F6A}.Debug|Any CPU.Build.0 = Debug|Any CPU
		{7ABA05EF-8D26-476A-911E-D33C57FD1F6A}.Release|Any CPU.ActiveCfg = Release|Any CPU
		{7ABA05EF-8D26-476A-911E-D33C57FD1F6A}.Release|Any CPU.Build.0 = Release|Any CPU
		{EDBE739C-699E-439E-812F-93549CAD365C}.Debug|Any CPU.ActiveCfg = Debug|Any CPU
		{EDBE739C-699E-439E-812F-93549CAD365C}.Debug|Any CPU.Build.0 = Debug|Any CPU
		{EDBE739C-699E-439E-812F-93549CAD365C}.Release|Any CPU.ActiveCfg = Release|Any CPU
		{EDBE739C-699E-439E-812F-93549CAD365C}.Release|Any CPU.Build.0 = Release|Any CPU
		{39DBBDAB-071E-4A12-9283-865892BD7EC1}.Debug|Any CPU.ActiveCfg = Debug|Any CPU
		{39DBBDAB-071E-4A12-9283-865892BD7EC1}.Debug|Any CPU.Build.0 = Debug|Any CPU
		{39DBBDAB-071E-4A12-9283-865892BD7EC1}.Release|Any CPU.ActiveCfg = Release|Any CPU
		{39DBBDAB-071E-4A12-9283-865892BD7EC1}.Release|Any CPU.Build.0 = Release|Any CPU
		{5B66BF0C-97E9-4E48-AA1E-E7BE194CE887}.Debug|Any CPU.ActiveCfg = Debug|Any CPU
		{5B66BF0C-97E9-4E48-AA1E-E7BE194CE887}.Debug|Any CPU.Build.0 = Debug|Any CPU
		{5B66BF0C-97E9-4E48-AA1E-E7BE194CE887}.Release|Any CPU.ActiveCfg = Release|Any CPU
		{5B66BF0C-97E9-4E48-AA1E-E7BE194CE887}.Release|Any CPU.Build.0 = Release|Any CPU
		{DE4704CC-8037-4B87-B938-42ECD0F03362}.Debug|Any CPU.ActiveCfg = Debug|Any CPU
		{DE4704CC-8037-4B87-B938-42ECD0F03362}.Debug|Any CPU.Build.0 = Debug|Any CPU
		{DE4704CC-8037-4B87-B938-42ECD0F03362}.Release|Any CPU.ActiveCfg = Release|Any CPU
		{DE4704CC-8037-4B87-B938-42ECD0F03362}.Release|Any CPU.Build.0 = Release|Any CPU
		{A1045DA7-3666-49CD-B096-1D2DF81E672C}.Debug|Any CPU.ActiveCfg = Debug|Any CPU
		{A1045DA7-3666-49CD-B096-1D2DF81E672C}.Debug|Any CPU.Build.0 = Debug|Any CPU
		{A1045DA7-3666-49CD-B096-1D2DF81E672C}.Release|Any CPU.ActiveCfg = Release|Any CPU
		{A1045DA7-3666-49CD-B096-1D2DF81E672C}.Release|Any CPU.Build.0 = Release|Any CPU
		{D69F560D-F35C-4F26-80E1-EC185D84E4E5}.Debug|Any CPU.ActiveCfg = Debug|Any CPU
		{D69F560D-F35C-4F26-80E1-EC185D84E4E5}.Debug|Any CPU.Build.0 = Debug|Any CPU
		{D69F560D-F35C-4F26-80E1-EC185D84E4E5}.Release|Any CPU.ActiveCfg = Release|Any CPU
		{D69F560D-F35C-4F26-80E1-EC185D84E4E5}.Release|Any CPU.Build.0 = Release|Any CPU
	EndGlobalSection
	GlobalSection(SolutionProperties) = preSolution
		HideSolutionNode = FALSE
	EndGlobalSection
	GlobalSection(ExtensibilityGlobals) = postSolution
		SolutionGuid = {421C5762-B3CC-4C37-A4D9-8C6541B06049}
	EndGlobalSection
EndGlobal
