
Microsoft Visual Studio Solution File, Format Version 12.00
# Visual Studio 15
VisualStudioVersion = 15.0.27004.2009
MinimumVisualStudioVersion = 10.0.40219.1
Project("{FAE04EC0-301F-11D3-BF4B-00C04F79EFBC}") = "Exercise7", "Exercise7\Exercise7.csproj", "{67C64CAC-8638-466E-B866-B6F573694EA8}"
EndProject
Project("{FAE04EC0-301F-11D3-BF4B-00C04F79EFBC}") = "Exercise7.Tests", "Exercise7.Tests\Exercise7.Tests.csproj", "{7ABA05EF-8D26-476A-911E-D33C57FD1F6A}"
EndProject
Global
	GlobalSection(SolutionConfigurationPlatforms) = preSolution
		Debug|Any CPU = Debug|Any CPU
		Release|Any CPU = Release|Any CPU
	EndGlobalSection
	GlobalSection(ProjectConfigurationPlatforms) = postSolution
		{67C64CAC-8638-466E-B866-B6F573694EA8}.Debug|Any CPU.ActiveCfg = Debug|Any CPU
		{67C64CAC-8638-466E-B866-B6F573694EA8}.Debug|Any CPU.Build.0 = Debug|Any CPU
		{67C64CAC-8638-466E-B866-B6F573694EA8}.Release|Any CPU.ActiveCfg = Release|Any CPU
		{67C64CAC-8638-466E-B866-B6F573694EA8}.Release|Any CPU.Build.0 = Release|Any CPU
		{7ABA05EF-8D26-476A-911E-D33C57FD1F6A}.Debug|Any CPU.ActiveCfg = Debug|Any CPU
		{7ABA05EF-8D26-476A-911E-D33C57FD1F6A}.Debug|Any CPU.Build.0 = Debug|Any CPU
		{7ABA05EF-8D26-476A-911E-D33C57FD1F6A}.Release|Any CPU.ActiveCfg = Release|Any CPU
		{7ABA05EF-8D26-476A-911E-D33C57FD1F6A}.Release|Any CPU.Build.0 = Release|Any CPU
	EndGlobalSection
	GlobalSection(SolutionProperties) = preSolution
		HideSolutionNode = FALSE
	EndGlobalSection
	GlobalSection(ExtensibilityGlobals) = postSolution
		SolutionGuid = {421C5762-B3CC-4C37-A4D9-8C6541B06049}
	EndGlobalSection
EndGlobal
