
Microsoft Visual Studio Solution File, Format Version 12.00
# Visual Studio Version 16
VisualStudioVersion = 16.0.30114.105
MinimumVisualStudioVersion = 10.0.40219.1
Project("{FAE04EC0-301F-11D3-BF4B-00C04F79EFBC}") = "Exercise07", "Exercise07\Exercise07.csproj", "{09647B3F-0F09-4E16-B31F-E4D7D7FF0A6F}"
EndProject
Project("{FAE04EC0-301F-11D3-BF4B-00C04F79EFBC}") = "Exercise07.Tests", "Exercise07.Tests\Exercise07.Tests.csproj", "{DA23DB8F-EB92-42AC-9763-8E2F95246710}"
EndProject
Project("{FAE04EC0-301F-11D3-BF4B-00C04F79EFBC}") = "Exercise11", "Exercise11\Exercise11.csproj", "{03DA0590-7657-4BBD-B23F-3F0993E4A69A}"
EndProject
Project("{FAE04EC0-301F-11D3-BF4B-00C04F79EFBC}") = "Exercise11.Tests", "Exercise11.Tests\Exercise11.Tests.csproj", "{76E6FDDD-9E89-4D93-9F9A-551F7B991FA8}"
EndProject
Project("{FAE04EC0-301F-11D3-BF4B-00C04F79EFBC}") = "Exercise13", "Exercise13\Exercise13.csproj", "{7825ADF9-88B5-49C6-B4D7-C577A9C001D2}"
EndProject
Project("{FAE04EC0-301F-11D3-BF4B-00C04F79EFBC}") = "Exercise13.Tests", "Exercise13.Tests\Exercise13.Tests.csproj", "{128F519F-5F5A-48CD-8223-97959935ED17}"
EndProject
Project("{FAE04EC0-301F-11D3-BF4B-00C04F79EFBC}") = "Exercise14", "Exercise14\Exercise14.csproj", "{C8CFD55C-3747-4DAD-94AB-43BA0EA94FE4}"
EndProject
Project("{FAE04EC0-301F-11D3-BF4B-00C04F79EFBC}") = "Exercise14.Tests", "Exercise14.Tests\Exercise14.Tests.csproj", "{A7AA617F-C9DC-4689-B3A2-0FF097862CC3}"
EndProject
Global
	GlobalSection(SolutionConfigurationPlatforms) = preSolution
		Debug|Any CPU = Debug|Any CPU
		Release|Any CPU = Release|Any CPU
	EndGlobalSection
	GlobalSection(SolutionProperties) = preSolution
		HideSolutionNode = FALSE
	EndGlobalSection
	GlobalSection(ProjectConfigurationPlatforms) = postSolution
		{09647B3F-0F09-4E16-B31F-E4D7D7FF0A6F}.Debug|Any CPU.ActiveCfg = Debug|Any CPU
		{09647B3F-0F09-4E16-B31F-E4D7D7FF0A6F}.Debug|Any CPU.Build.0 = Debug|Any CPU
		{09647B3F-0F09-4E16-B31F-E4D7D7FF0A6F}.Release|Any CPU.ActiveCfg = Release|Any CPU
		{09647B3F-0F09-4E16-B31F-E4D7D7FF0A6F}.Release|Any CPU.Build.0 = Release|Any CPU
		{DA23DB8F-EB92-42AC-9763-8E2F95246710}.Debug|Any CPU.ActiveCfg = Debug|Any CPU
		{DA23DB8F-EB92-42AC-9763-8E2F95246710}.Debug|Any CPU.Build.0 = Debug|Any CPU
		{DA23DB8F-EB92-42AC-9763-8E2F95246710}.Release|Any CPU.ActiveCfg = Release|Any CPU
		{DA23DB8F-EB92-42AC-9763-8E2F95246710}.Release|Any CPU.Build.0 = Release|Any CPU
		{03DA0590-7657-4BBD-B23F-3F0993E4A69A}.Debug|Any CPU.ActiveCfg = Debug|Any CPU
		{03DA0590-7657-4BBD-B23F-3F0993E4A69A}.Debug|Any CPU.Build.0 = Debug|Any CPU
		{03DA0590-7657-4BBD-B23F-3F0993E4A69A}.Release|Any CPU.ActiveCfg = Release|Any CPU
		{03DA0590-7657-4BBD-B23F-3F0993E4A69A}.Release|Any CPU.Build.0 = Release|Any CPU
		{76E6FDDD-9E89-4D93-9F9A-551F7B991FA8}.Debug|Any CPU.ActiveCfg = Debug|Any CPU
		{76E6FDDD-9E89-4D93-9F9A-551F7B991FA8}.Debug|Any CPU.Build.0 = Debug|Any CPU
		{76E6FDDD-9E89-4D93-9F9A-551F7B991FA8}.Release|Any CPU.ActiveCfg = Release|Any CPU
		{76E6FDDD-9E89-4D93-9F9A-551F7B991FA8}.Release|Any CPU.Build.0 = Release|Any CPU
		{7825ADF9-88B5-49C6-B4D7-C577A9C001D2}.Debug|Any CPU.ActiveCfg = Debug|Any CPU
		{7825ADF9-88B5-49C6-B4D7-C577A9C001D2}.Debug|Any CPU.Build.0 = Debug|Any CPU
		{7825ADF9-88B5-49C6-B4D7-C577A9C001D2}.Release|Any CPU.ActiveCfg = Release|Any CPU
		{7825ADF9-88B5-49C6-B4D7-C577A9C001D2}.Release|Any CPU.Build.0 = Release|Any CPU
		{128F519F-5F5A-48CD-8223-97959935ED17}.Debug|Any CPU.ActiveCfg = Debug|Any CPU
		{128F519F-5F5A-48CD-8223-97959935ED17}.Debug|Any CPU.Build.0 = Debug|Any CPU
		{128F519F-5F5A-48CD-8223-97959935ED17}.Release|Any CPU.ActiveCfg = Release|Any CPU
		{128F519F-5F5A-48CD-8223-97959935ED17}.Release|Any CPU.Build.0 = Release|Any CPU
		{C8CFD55C-3747-4DAD-94AB-43BA0EA94FE4}.Debug|Any CPU.ActiveCfg = Debug|Any CPU
		{C8CFD55C-3747-4DAD-94AB-43BA0EA94FE4}.Debug|Any CPU.Build.0 = Debug|Any CPU
		{C8CFD55C-3747-4DAD-94AB-43BA0EA94FE4}.Release|Any CPU.ActiveCfg = Release|Any CPU
		{C8CFD55C-3747-4DAD-94AB-43BA0EA94FE4}.Release|Any CPU.Build.0 = Release|Any CPU
		{A7AA617F-C9DC-4689-B3A2-0FF097862CC3}.Debug|Any CPU.ActiveCfg = Debug|Any CPU
		{A7AA617F-C9DC-4689-B3A2-0FF097862CC3}.Debug|Any CPU.Build.0 = Debug|Any CPU
		{A7AA617F-C9DC-4689-B3A2-0FF097862CC3}.Release|Any CPU.ActiveCfg = Release|Any CPU
		{A7AA617F-C9DC-4689-B3A2-0FF097862CC3}.Release|Any CPU.Build.0 = Release|Any CPU
	EndGlobalSection
EndGlobal
