
Microsoft Visual Studio Solution File, Format Version 12.00
# Visual Studio 15
VisualStudioVersion = 15.0.27130.2010
MinimumVisualStudioVersion = 10.0.40219.1
Project("{FAE04EC0-301F-11D3-BF4B-00C04F79EFBC}") = "Exercise03", "Exercise03\Exercise03.csproj", "{0BAB9DC8-E2BD-4B95-A949-FC1A7E97A0A5}"
EndProject
Project("{FAE04EC0-301F-11D3-BF4B-00C04F79EFBC}") = "Exercise03.Tests", "Exercise03.Tests\Exercise03.Tests.csproj", "{F88A3AAA-A043-4B2B-96A9-785819AFDFD7}"
EndProject
Project("{FAE04EC0-301F-11D3-BF4B-00C04F79EFBC}") = "Exercise06", "Exercise06\Exercise06.csproj", "{16FEF62D-1685-4A10-B2AB-C00F60B2224D}"
EndProject
Project("{FAE04EC0-301F-11D3-BF4B-00C04F79EFBC}") = "Exercise06.Tests", "Exercise06.Tests\Exercise06.Tests.csproj", "{153DA134-F385-4C17-B196-B0A35D7E8C39}"
EndProject
Project("{FAE04EC0-301F-11D3-BF4B-00C04F79EFBC}") = "Exercise08", "Exercise08\Exercise08.csproj", "{B88C0239-D616-4F44-ADD3-223D7F80C915}"
EndProject
Project("{FAE04EC0-301F-11D3-BF4B-00C04F79EFBC}") = "Exercise08.Tests", "Exercise08.Tests\Exercise08.Tests.csproj", "{745E8CB8-255A-4CA3-A953-19F63B3B5350}"
EndProject
Project("{FAE04EC0-301F-11D3-BF4B-00C04F79EFBC}") = "Exercise10", "Exercise10\Exercise10.csproj", "{E9E10835-9094-4D51-A6BE-92C8C8C68F87}"
EndProject
Project("{FAE04EC0-301F-11D3-BF4B-00C04F79EFBC}") = "Exercise10.Tests", "Exercise10.Tests\Exercise10.Tests.csproj", "{85BCF186-8ADA-4403-8ACE-95FE7C232BD4}"
EndProject
Global
	GlobalSection(SolutionConfigurationPlatforms) = preSolution
		Debug|Any CPU = Debug|Any CPU
		Release|Any CPU = Release|Any CPU
	EndGlobalSection
	GlobalSection(ProjectConfigurationPlatforms) = postSolution
		{0BAB9DC8-E2BD-4B95-A949-FC1A7E97A0A5}.Debug|Any CPU.ActiveCfg = Debug|Any CPU
		{0BAB9DC8-E2BD-4B95-A949-FC1A7E97A0A5}.Debug|Any CPU.Build.0 = Debug|Any CPU
		{0BAB9DC8-E2BD-4B95-A949-FC1A7E97A0A5}.Release|Any CPU.ActiveCfg = Release|Any CPU
		{0BAB9DC8-E2BD-4B95-A949-FC1A7E97A0A5}.Release|Any CPU.Build.0 = Release|Any CPU
		{F88A3AAA-A043-4B2B-96A9-785819AFDFD7}.Debug|Any CPU.ActiveCfg = Debug|Any CPU
		{F88A3AAA-A043-4B2B-96A9-785819AFDFD7}.Debug|Any CPU.Build.0 = Debug|Any CPU
		{F88A3AAA-A043-4B2B-96A9-785819AFDFD7}.Release|Any CPU.ActiveCfg = Release|Any CPU
		{F88A3AAA-A043-4B2B-96A9-785819AFDFD7}.Release|Any CPU.Build.0 = Release|Any CPU
		{16FEF62D-1685-4A10-B2AB-C00F60B2224D}.Debug|Any CPU.ActiveCfg = Debug|Any CPU
		{16FEF62D-1685-4A10-B2AB-C00F60B2224D}.Debug|Any CPU.Build.0 = Debug|Any CPU
		{16FEF62D-1685-4A10-B2AB-C00F60B2224D}.Release|Any CPU.ActiveCfg = Release|Any CPU
		{16FEF62D-1685-4A10-B2AB-C00F60B2224D}.Release|Any CPU.Build.0 = Release|Any CPU
		{153DA134-F385-4C17-B196-B0A35D7E8C39}.Debug|Any CPU.ActiveCfg = Debug|Any CPU
		{153DA134-F385-4C17-B196-B0A35D7E8C39}.Debug|Any CPU.Build.0 = Debug|Any CPU
		{153DA134-F385-4C17-B196-B0A35D7E8C39}.Release|Any CPU.ActiveCfg = Release|Any CPU
		{153DA134-F385-4C17-B196-B0A35D7E8C39}.Release|Any CPU.Build.0 = Release|Any CPU
		{B88C0239-D616-4F44-ADD3-223D7F80C915}.Debug|Any CPU.ActiveCfg = Debug|Any CPU
		{B88C0239-D616-4F44-ADD3-223D7F80C915}.Debug|Any CPU.Build.0 = Debug|Any CPU
		{B88C0239-D616-4F44-ADD3-223D7F80C915}.Release|Any CPU.ActiveCfg = Release|Any CPU
		{B88C0239-D616-4F44-ADD3-223D7F80C915}.Release|Any CPU.Build.0 = Release|Any CPU
		{745E8CB8-255A-4CA3-A953-19F63B3B5350}.Debug|Any CPU.ActiveCfg = Debug|Any CPU
		{745E8CB8-255A-4CA3-A953-19F63B3B5350}.Debug|Any CPU.Build.0 = Debug|Any CPU
		{745E8CB8-255A-4CA3-A953-19F63B3B5350}.Release|Any CPU.ActiveCfg = Release|Any CPU
		{745E8CB8-255A-4CA3-A953-19F63B3B5350}.Release|Any CPU.Build.0 = Release|Any CPU
		{E9E10835-9094-4D51-A6BE-92C8C8C68F87}.Debug|Any CPU.ActiveCfg = Debug|Any CPU
		{E9E10835-9094-4D51-A6BE-92C8C8C68F87}.Debug|Any CPU.Build.0 = Debug|Any CPU
		{E9E10835-9094-4D51-A6BE-92C8C8C68F87}.Release|Any CPU.ActiveCfg = Release|Any CPU
		{E9E10835-9094-4D51-A6BE-92C8C8C68F87}.Release|Any CPU.Build.0 = Release|Any CPU
		{85BCF186-8ADA-4403-8ACE-95FE7C232BD4}.Debug|Any CPU.ActiveCfg = Debug|Any CPU
		{85BCF186-8ADA-4403-8ACE-95FE7C232BD4}.Debug|Any CPU.Build.0 = Debug|Any CPU
		{85BCF186-8ADA-4403-8ACE-95FE7C232BD4}.Release|Any CPU.ActiveCfg = Release|Any CPU
		{85BCF186-8ADA-4403-8ACE-95FE7C232BD4}.Release|Any CPU.Build.0 = Release|Any CPU
	EndGlobalSection
	GlobalSection(SolutionProperties) = preSolution
		HideSolutionNode = FALSE
	EndGlobalSection
	GlobalSection(ExtensibilityGlobals) = postSolution
		SolutionGuid = {93EBF6D5-802D-465A-8F75-E1EFD062C967}
	EndGlobalSection
EndGlobal
