
Microsoft Visual Studio Solution File, Format Version 12.00
# Visual Studio 15
VisualStudioVersion = 15.0.28307.421
MinimumVisualStudioVersion = 10.0.40219.1
Project("{FAE04EC0-301F-11D3-BF4B-00C04F79EFBC}") = "Exercise08", "Exercise08\Exercise08.csproj", "{31C63543-0DF6-4934-953A-597D0DC21312}"
EndProject
Project("{FAE04EC0-301F-11D3-BF4B-00C04F79EFBC}") = "Exercise08.Tests", "Exercise08.Tests\Exercise08.Tests.csproj", "{4988796F-53DF-438B-86A9-9B40B38F8DE7}"
EndProject
Global
	GlobalSection(SolutionConfigurationPlatforms) = preSolution
		Debug|Any CPU = Debug|Any CPU
		Release|Any CPU = Release|Any CPU
	EndGlobalSection
	GlobalSection(ProjectConfigurationPlatforms) = postSolution
		{31C63543-0DF6-4934-953A-597D0DC21312}.Debug|Any CPU.ActiveCfg = Debug|Any CPU
		{31C63543-0DF6-4934-953A-597D0DC21312}.Debug|Any CPU.Build.0 = Debug|Any CPU
		{31C63543-0DF6-4934-953A-597D0DC21312}.Release|Any CPU.ActiveCfg = Release|Any CPU
		{31C63543-0DF6-4934-953A-597D0DC21312}.Release|Any CPU.Build.0 = Release|Any CPU
		{4988796F-53DF-438B-86A9-9B40B38F8DE7}.Debug|Any CPU.ActiveCfg = Debug|Any CPU
		{4988796F-53DF-438B-86A9-9B40B38F8DE7}.Debug|Any CPU.Build.0 = Debug|Any CPU
		{4988796F-53DF-438B-86A9-9B40B38F8DE7}.Release|Any CPU.ActiveCfg = Release|Any CPU
		{4988796F-53DF-438B-86A9-9B40B38F8DE7}.Release|Any CPU.Build.0 = Release|Any CPU
	EndGlobalSection
	GlobalSection(SolutionProperties) = preSolution
		HideSolutionNode = FALSE
	EndGlobalSection
	GlobalSection(ExtensibilityGlobals) = postSolution
		SolutionGuid = {14FCF9F1-9D3C-49A8-9B91-74EEE99B1EA1}
	EndGlobalSection
EndGlobal
