
Microsoft Visual Studio Solution File, Format Version 12.00
# Visual Studio Version 16
VisualStudioVersion = 16.0.30114.105
MinimumVisualStudioVersion = 10.0.40219.1
Project("{FAE04EC0-301F-11D3-BF4B-00C04F79EFBC}") = "Exercise04", "Exercise04\Exercise04.csproj", "{AE961F44-0111-4792-8E94-8AF46D7EE28F}"
EndProject
Project("{FAE04EC0-301F-11D3-BF4B-00C04F79EFBC}") = "Exercise04.Tests", "Exercise04.Tests\Exercise04.Tests.csproj", "{C6A8FCF1-BE71-48B0-99BD-7528BB1C37E3}"
EndProject
Project("{FAE04EC0-301F-11D3-BF4B-00C04F79EFBC}") = "Exercise07", "Exercise07\Exercise07.csproj", "{D5133CFD-60D0-4F2A-AA48-79C71BAA721D}"
EndProject
Project("{FAE04EC0-301F-11D3-BF4B-00C04F79EFBC}") = "Exercise07.Tests", "Exercise07.Tests\Exercise07.Tests.csproj", "{E1F8FFE7-780A-4692-A54C-49A5D521AADA}"
EndProject
Global
	GlobalSection(SolutionConfigurationPlatforms) = preSolution
		Debug|Any CPU = Debug|Any CPU
		Release|Any CPU = Release|Any CPU
	EndGlobalSection
	GlobalSection(SolutionProperties) = preSolution
		HideSolutionNode = FALSE
	EndGlobalSection
	GlobalSection(ProjectConfigurationPlatforms) = postSolution
		{AE961F44-0111-4792-8E94-8AF46D7EE28F}.Debug|Any CPU.ActiveCfg = Debug|Any CPU
		{AE961F44-0111-4792-8E94-8AF46D7EE28F}.Debug|Any CPU.Build.0 = Debug|Any CPU
		{AE961F44-0111-4792-8E94-8AF46D7EE28F}.Release|Any CPU.ActiveCfg = Release|Any CPU
		{AE961F44-0111-4792-8E94-8AF46D7EE28F}.Release|Any CPU.Build.0 = Release|Any CPU
		{C6A8FCF1-BE71-48B0-99BD-7528BB1C37E3}.Debug|Any CPU.ActiveCfg = Debug|Any CPU
		{C6A8FCF1-BE71-48B0-99BD-7528BB1C37E3}.Debug|Any CPU.Build.0 = Debug|Any CPU
		{C6A8FCF1-BE71-48B0-99BD-7528BB1C37E3}.Release|Any CPU.ActiveCfg = Release|Any CPU
		{C6A8FCF1-BE71-48B0-99BD-7528BB1C37E3}.Release|Any CPU.Build.0 = Release|Any CPU
		{D5133CFD-60D0-4F2A-AA48-79C71BAA721D}.Debug|Any CPU.ActiveCfg = Debug|Any CPU
		{D5133CFD-60D0-4F2A-AA48-79C71BAA721D}.Debug|Any CPU.Build.0 = Debug|Any CPU
		{D5133CFD-60D0-4F2A-AA48-79C71BAA721D}.Release|Any CPU.ActiveCfg = Release|Any CPU
		{D5133CFD-60D0-4F2A-AA48-79C71BAA721D}.Release|Any CPU.Build.0 = Release|Any CPU
		{E1F8FFE7-780A-4692-A54C-49A5D521AADA}.Debug|Any CPU.ActiveCfg = Debug|Any CPU
		{E1F8FFE7-780A-4692-A54C-49A5D521AADA}.Debug|Any CPU.Build.0 = Debug|Any CPU
		{E1F8FFE7-780A-4692-A54C-49A5D521AADA}.Release|Any CPU.ActiveCfg = Release|Any CPU
		{E1F8FFE7-780A-4692-A54C-49A5D521AADA}.Release|Any CPU.Build.0 = Release|Any CPU
	EndGlobalSection
EndGlobal
