
Microsoft Visual Studio Solution File, Format Version 12.00
# Visual Studio Version 16
VisualStudioVersion = 16.0.30114.105
MinimumVisualStudioVersion = 10.0.40219.1
Project("{FAE04EC0-301F-11D3-BF4B-00C04F79EFBC}") = "Exercise05", "Exercise05\Exercise05.csproj", "{CB32FC76-B6D1-44E4-9DEB-0ED75239663A}"
EndProject
Project("{FAE04EC0-301F-11D3-BF4B-00C04F79EFBC}") = "Exercise05.Tests", "Exercise05.Tests\Exercise05.Tests.csproj", "{81AFC508-4A51-40E1-9BF8-525B4B78DA1A}"
EndProject
Project("{FAE04EC0-301F-11D3-BF4B-00C04F79EFBC}") = "Exercise06.Tests", "Exercise06.Tests\Exercise06.Tests.csproj", "{92E5849A-621A-4054-860F-5F62B8682FAA}"
EndProject
Project("{FAE04EC0-301F-11D3-BF4B-00C04F79EFBC}") = "Exercise06", "Exercise06\Exercise06.csproj", "{2D865E23-BEDA-45C9-A553-43AC741F8414}"
EndProject
Project("{FAE04EC0-301F-11D3-BF4B-00C04F79EFBC}") = "Exercise14", "Exercise14\Exercise14.csproj", "{3A5C35F5-02A9-4CE0-B242-23CAB6DE6706}"
EndProject
Project("{FAE04EC0-301F-11D3-BF4B-00C04F79EFBC}") = "Exercise14.Tests", "Exercise14.Tests\Exercise14.Tests.csproj", "{A1F6A7FB-2B9E-4011-87A4-2B7A84528B14}"
EndProject
Project("{FAE04EC0-301F-11D3-BF4B-00C04F79EFBC}") = "Exercise15", "Exercise15\Exercise15.csproj", "{F4380AEE-BC31-4543-8D93-44AB112CCDD6}"
EndProject
Project("{FAE04EC0-301F-11D3-BF4B-00C04F79EFBC}") = "Exercise15.Tests", "Exercise15.Tests\Exercise15.Tests.csproj", "{2169B78B-E12E-47BD-BD52-198344ECB7FE}"
EndProject
Global
	GlobalSection(SolutionConfigurationPlatforms) = preSolution
		Debug|Any CPU = Debug|Any CPU
		Release|Any CPU = Release|Any CPU
	EndGlobalSection
	GlobalSection(SolutionProperties) = preSolution
		HideSolutionNode = FALSE
	EndGlobalSection
	GlobalSection(ProjectConfigurationPlatforms) = postSolution
		{CB32FC76-B6D1-44E4-9DEB-0ED75239663A}.Debug|Any CPU.ActiveCfg = Debug|Any CPU
		{CB32FC76-B6D1-44E4-9DEB-0ED75239663A}.Debug|Any CPU.Build.0 = Debug|Any CPU
		{CB32FC76-B6D1-44E4-9DEB-0ED75239663A}.Release|Any CPU.ActiveCfg = Release|Any CPU
		{CB32FC76-B6D1-44E4-9DEB-0ED75239663A}.Release|Any CPU.Build.0 = Release|Any CPU
		{81AFC508-4A51-40E1-9BF8-525B4B78DA1A}.Debug|Any CPU.ActiveCfg = Debug|Any CPU
		{81AFC508-4A51-40E1-9BF8-525B4B78DA1A}.Debug|Any CPU.Build.0 = Debug|Any CPU
		{81AFC508-4A51-40E1-9BF8-525B4B78DA1A}.Release|Any CPU.ActiveCfg = Release|Any CPU
		{81AFC508-4A51-40E1-9BF8-525B4B78DA1A}.Release|Any CPU.Build.0 = Release|Any CPU
		{92E5849A-621A-4054-860F-5F62B8682FAA}.Debug|Any CPU.ActiveCfg = Debug|Any CPU
		{92E5849A-621A-4054-860F-5F62B8682FAA}.Debug|Any CPU.Build.0 = Debug|Any CPU
		{92E5849A-621A-4054-860F-5F62B8682FAA}.Release|Any CPU.ActiveCfg = Release|Any CPU
		{92E5849A-621A-4054-860F-5F62B8682FAA}.Release|Any CPU.Build.0 = Release|Any CPU
		{2D865E23-BEDA-45C9-A553-43AC741F8414}.Debug|Any CPU.ActiveCfg = Debug|Any CPU
		{2D865E23-BEDA-45C9-A553-43AC741F8414}.Debug|Any CPU.Build.0 = Debug|Any CPU
		{2D865E23-BEDA-45C9-A553-43AC741F8414}.Release|Any CPU.ActiveCfg = Release|Any CPU
		{2D865E23-BEDA-45C9-A553-43AC741F8414}.Release|Any CPU.Build.0 = Release|Any CPU
		{3A5C35F5-02A9-4CE0-B242-23CAB6DE6706}.Debug|Any CPU.ActiveCfg = Debug|Any CPU
		{3A5C35F5-02A9-4CE0-B242-23CAB6DE6706}.Debug|Any CPU.Build.0 = Debug|Any CPU
		{3A5C35F5-02A9-4CE0-B242-23CAB6DE6706}.Release|Any CPU.ActiveCfg = Release|Any CPU
		{3A5C35F5-02A9-4CE0-B242-23CAB6DE6706}.Release|Any CPU.Build.0 = Release|Any CPU
		{A1F6A7FB-2B9E-4011-87A4-2B7A84528B14}.Debug|Any CPU.ActiveCfg = Debug|Any CPU
		{A1F6A7FB-2B9E-4011-87A4-2B7A84528B14}.Debug|Any CPU.Build.0 = Debug|Any CPU
		{A1F6A7FB-2B9E-4011-87A4-2B7A84528B14}.Release|Any CPU.ActiveCfg = Release|Any CPU
		{A1F6A7FB-2B9E-4011-87A4-2B7A84528B14}.Release|Any CPU.Build.0 = Release|Any CPU
		{F4380AEE-BC31-4543-8D93-44AB112CCDD6}.Debug|Any CPU.ActiveCfg = Debug|Any CPU
		{F4380AEE-BC31-4543-8D93-44AB112CCDD6}.Debug|Any CPU.Build.0 = Debug|Any CPU
		{F4380AEE-BC31-4543-8D93-44AB112CCDD6}.Release|Any CPU.ActiveCfg = Release|Any CPU
		{F4380AEE-BC31-4543-8D93-44AB112CCDD6}.Release|Any CPU.Build.0 = Release|Any CPU
		{2169B78B-E12E-47BD-BD52-198344ECB7FE}.Debug|Any CPU.ActiveCfg = Debug|Any CPU
		{2169B78B-E12E-47BD-BD52-198344ECB7FE}.Debug|Any CPU.Build.0 = Debug|Any CPU
		{2169B78B-E12E-47BD-BD52-198344ECB7FE}.Release|Any CPU.ActiveCfg = Release|Any CPU
		{2169B78B-E12E-47BD-BD52-198344ECB7FE}.Release|Any CPU.Build.0 = Release|Any CPU
	EndGlobalSection
EndGlobal
