
Microsoft Visual Studio Solution File, Format Version 12.00
# Visual Studio 15
VisualStudioVersion = 15.0.27130.2010
MinimumVisualStudioVersion = 10.0.40219.1
Project("{FAE04EC0-301F-11D3-BF4B-00C04F79EFBC}") = "Exercise14", "Exercise14\Exercise14.csproj", "{DD025494-F9C0-4DA9-909C-B35BBDDABC49}"
EndProject
Project("{FAE04EC0-301F-11D3-BF4B-00C04F79EFBC}") = "Exercise14.Tests", "Exercise14.Tests\Exercise14.Tests.csproj", "{6E9C07AB-184F-46D6-B6E4-DB0B2D356ED0}"
EndProject
Project("{FAE04EC0-301F-11D3-BF4B-00C04F79EFBC}") = "Exercise05", "Exercise05\Exercise05.csproj", "{78516868-9F79-4B00-BB13-7992C488E739}"
EndProject
Project("{FAE04EC0-301F-11D3-BF4B-00C04F79EFBC}") = "Exercise05.Tests", "Exercise05.Tests\Exercise05.Tests.csproj", "{8030FF33-DF63-4A62-8599-51B56F77AEC9}"
EndProject
Project("{FAE04EC0-301F-11D3-BF4B-00C04F79EFBC}") = "Exercise06", "Exercise06\Exercise06.csproj", "{14AD4F11-6D8B-477E-993C-5209DAA2851B}"
EndProject
Project("{FAE04EC0-301F-11D3-BF4B-00C04F79EFBC}") = "Exercise06.Tests", "Exercise06.Tests\Exercise06.Tests.csproj", "{70D00D80-F1BB-4E99-B7E1-9AD55D6692F8}"
EndProject
Global
	GlobalSection(SolutionConfigurationPlatforms) = preSolution
		Debug|Any CPU = Debug|Any CPU
		Release|Any CPU = Release|Any CPU
	EndGlobalSection
	GlobalSection(ProjectConfigurationPlatforms) = postSolution
		{DD025494-F9C0-4DA9-909C-B35BBDDABC49}.Debug|Any CPU.ActiveCfg = Debug|Any CPU
		{DD025494-F9C0-4DA9-909C-B35BBDDABC49}.Debug|Any CPU.Build.0 = Debug|Any CPU
		{DD025494-F9C0-4DA9-909C-B35BBDDABC49}.Release|Any CPU.ActiveCfg = Release|Any CPU
		{DD025494-F9C0-4DA9-909C-B35BBDDABC49}.Release|Any CPU.Build.0 = Release|Any CPU
		{6E9C07AB-184F-46D6-B6E4-DB0B2D356ED0}.Debug|Any CPU.ActiveCfg = Debug|Any CPU
		{6E9C07AB-184F-46D6-B6E4-DB0B2D356ED0}.Debug|Any CPU.Build.0 = Debug|Any CPU
		{6E9C07AB-184F-46D6-B6E4-DB0B2D356ED0}.Release|Any CPU.ActiveCfg = Release|Any CPU
		{6E9C07AB-184F-46D6-B6E4-DB0B2D356ED0}.Release|Any CPU.Build.0 = Release|Any CPU
		{78516868-9F79-4B00-BB13-7992C488E739}.Debug|Any CPU.ActiveCfg = Debug|Any CPU
		{78516868-9F79-4B00-BB13-7992C488E739}.Debug|Any CPU.Build.0 = Debug|Any CPU
		{78516868-9F79-4B00-BB13-7992C488E739}.Release|Any CPU.ActiveCfg = Release|Any CPU
		{78516868-9F79-4B00-BB13-7992C488E739}.Release|Any CPU.Build.0 = Release|Any CPU
		{8030FF33-DF63-4A62-8599-51B56F77AEC9}.Debug|Any CPU.ActiveCfg = Debug|Any CPU
		{8030FF33-DF63-4A62-8599-51B56F77AEC9}.Debug|Any CPU.Build.0 = Debug|Any CPU
		{8030FF33-DF63-4A62-8599-51B56F77AEC9}.Release|Any CPU.ActiveCfg = Release|Any CPU
		{8030FF33-DF63-4A62-8599-51B56F77AEC9}.Release|Any CPU.Build.0 = Release|Any CPU
		{14AD4F11-6D8B-477E-993C-5209DAA2851B}.Debug|Any CPU.ActiveCfg = Debug|Any CPU
		{14AD4F11-6D8B-477E-993C-5209DAA2851B}.Debug|Any CPU.Build.0 = Debug|Any CPU
		{14AD4F11-6D8B-477E-993C-5209DAA2851B}.Release|Any CPU.ActiveCfg = Release|Any CPU
		{14AD4F11-6D8B-477E-993C-5209DAA2851B}.Release|Any CPU.Build.0 = Release|Any CPU
		{70D00D80-F1BB-4E99-B7E1-9AD55D6692F8}.Debug|Any CPU.ActiveCfg = Debug|Any CPU
		{70D00D80-F1BB-4E99-B7E1-9AD55D6692F8}.Debug|Any CPU.Build.0 = Debug|Any CPU
		{70D00D80-F1BB-4E99-B7E1-9AD55D6692F8}.Release|Any CPU.ActiveCfg = Release|Any CPU
		{70D00D80-F1BB-4E99-B7E1-9AD55D6692F8}.Release|Any CPU.Build.0 = Release|Any CPU
	EndGlobalSection
	GlobalSection(SolutionProperties) = preSolution
		HideSolutionNode = FALSE
	EndGlobalSection
	GlobalSection(ExtensibilityGlobals) = postSolution
		SolutionGuid = {370AC234-2970-49C5-9F5C-5825494EA123}
	EndGlobalSection
EndGlobal
