
Microsoft Visual Studio Solution File, Format Version 12.00
# Visual Studio Version 16
VisualStudioVersion = 16.0.30114.105
MinimumVisualStudioVersion = 10.0.40219.1
Project("{FAE04EC0-301F-11D3-BF4B-00C04F79EFBC}") = "Exercise01", "Exercise01\Exercise01.csproj", "{7CB68340-CDF7-47A3-ADE4-6CAC347D83FD}"
EndProject
Project("{FAE04EC0-301F-11D3-BF4B-00C04F79EFBC}") = "Exercise01.Tests", "Exercise01.Tests\Exercise01.Tests.csproj", "{8C16BA50-A397-4122-81AE-BF350F5E5B40}"
EndProject
Project("{FAE04EC0-301F-11D3-BF4B-00C04F79EFBC}") = "Exercise07", "Exercise07\Exercise07.csproj", "{9587697B-786C-4ECC-BCFF-D268E348DA24}"
EndProject
Project("{FAE04EC0-301F-11D3-BF4B-00C04F79EFBC}") = "Exercise07.Tests", "Exercise07.Tests\Exercise07.Tests.csproj", "{5243312F-F12C-4513-9409-C4191B2367F9}"
EndProject
Project("{FAE04EC0-301F-11D3-BF4B-00C04F79EFBC}") = "Exercise08", "Exercise08\Exercise08.csproj", "{3FA8C23A-D050-4AFD-B61C-B4063DFB75E7}"
EndProject
Project("{FAE04EC0-301F-11D3-BF4B-00C04F79EFBC}") = "Exercise08.Tests", "Exercise08.Tests\Exercise08.Tests.csproj", "{E965E167-2314-4483-A37B-EFB3C5663E15}"
EndProject
Project("{FAE04EC0-301F-11D3-BF4B-00C04F79EFBC}") = "Exercise09", "Exercise09\Exercise09.csproj", "{8855A19A-7B0E-4FFE-B1BA-C65B9A1488E6}"
EndProject
Project("{FAE04EC0-301F-11D3-BF4B-00C04F79EFBC}") = "Exercise09.Tests", "Exercise09.Tests\Exercise09.Tests.csproj", "{B5584E4C-369C-4655-8ABC-2844A86A6EE8}"
EndProject
Global
	GlobalSection(SolutionConfigurationPlatforms) = preSolution
		Debug|Any CPU = Debug|Any CPU
		Release|Any CPU = Release|Any CPU
	EndGlobalSection
	GlobalSection(SolutionProperties) = preSolution
		HideSolutionNode = FALSE
	EndGlobalSection
	GlobalSection(ProjectConfigurationPlatforms) = postSolution
		{7CB68340-CDF7-47A3-ADE4-6CAC347D83FD}.Debug|Any CPU.ActiveCfg = Debug|Any CPU
		{7CB68340-CDF7-47A3-ADE4-6CAC347D83FD}.Debug|Any CPU.Build.0 = Debug|Any CPU
		{7CB68340-CDF7-47A3-ADE4-6CAC347D83FD}.Release|Any CPU.ActiveCfg = Release|Any CPU
		{7CB68340-CDF7-47A3-ADE4-6CAC347D83FD}.Release|Any CPU.Build.0 = Release|Any CPU
		{8C16BA50-A397-4122-81AE-BF350F5E5B40}.Debug|Any CPU.ActiveCfg = Debug|Any CPU
		{8C16BA50-A397-4122-81AE-BF350F5E5B40}.Debug|Any CPU.Build.0 = Debug|Any CPU
		{8C16BA50-A397-4122-81AE-BF350F5E5B40}.Release|Any CPU.ActiveCfg = Release|Any CPU
		{8C16BA50-A397-4122-81AE-BF350F5E5B40}.Release|Any CPU.Build.0 = Release|Any CPU
		{9587697B-786C-4ECC-BCFF-D268E348DA24}.Debug|Any CPU.ActiveCfg = Debug|Any CPU
		{9587697B-786C-4ECC-BCFF-D268E348DA24}.Debug|Any CPU.Build.0 = Debug|Any CPU
		{9587697B-786C-4ECC-BCFF-D268E348DA24}.Release|Any CPU.ActiveCfg = Release|Any CPU
		{9587697B-786C-4ECC-BCFF-D268E348DA24}.Release|Any CPU.Build.0 = Release|Any CPU
		{5243312F-F12C-4513-9409-C4191B2367F9}.Debug|Any CPU.ActiveCfg = Debug|Any CPU
		{5243312F-F12C-4513-9409-C4191B2367F9}.Debug|Any CPU.Build.0 = Debug|Any CPU
		{5243312F-F12C-4513-9409-C4191B2367F9}.Release|Any CPU.ActiveCfg = Release|Any CPU
		{5243312F-F12C-4513-9409-C4191B2367F9}.Release|Any CPU.Build.0 = Release|Any CPU
		{3FA8C23A-D050-4AFD-B61C-B4063DFB75E7}.Debug|Any CPU.ActiveCfg = Debug|Any CPU
		{3FA8C23A-D050-4AFD-B61C-B4063DFB75E7}.Debug|Any CPU.Build.0 = Debug|Any CPU
		{3FA8C23A-D050-4AFD-B61C-B4063DFB75E7}.Release|Any CPU.ActiveCfg = Release|Any CPU
		{3FA8C23A-D050-4AFD-B61C-B4063DFB75E7}.Release|Any CPU.Build.0 = Release|Any CPU
		{E965E167-2314-4483-A37B-EFB3C5663E15}.Debug|Any CPU.ActiveCfg = Debug|Any CPU
		{E965E167-2314-4483-A37B-EFB3C5663E15}.Debug|Any CPU.Build.0 = Debug|Any CPU
		{E965E167-2314-4483-A37B-EFB3C5663E15}.Release|Any CPU.ActiveCfg = Release|Any CPU
		{E965E167-2314-4483-A37B-EFB3C5663E15}.Release|Any CPU.Build.0 = Release|Any CPU
		{8855A19A-7B0E-4FFE-B1BA-C65B9A1488E6}.Debug|Any CPU.ActiveCfg = Debug|Any CPU
		{8855A19A-7B0E-4FFE-B1BA-C65B9A1488E6}.Debug|Any CPU.Build.0 = Debug|Any CPU
		{8855A19A-7B0E-4FFE-B1BA-C65B9A1488E6}.Release|Any CPU.ActiveCfg = Release|Any CPU
		{8855A19A-7B0E-4FFE-B1BA-C65B9A1488E6}.Release|Any CPU.Build.0 = Release|Any CPU
		{B5584E4C-369C-4655-8ABC-2844A86A6EE8}.Debug|Any CPU.ActiveCfg = Debug|Any CPU
		{B5584E4C-369C-4655-8ABC-2844A86A6EE8}.Debug|Any CPU.Build.0 = Debug|Any CPU
		{B5584E4C-369C-4655-8ABC-2844A86A6EE8}.Release|Any CPU.ActiveCfg = Release|Any CPU
		{B5584E4C-369C-4655-8ABC-2844A86A6EE8}.Release|Any CPU.Build.0 = Release|Any CPU
	EndGlobalSection
EndGlobal
